{
  "requires": true,
  "lockfileVersion": 1,
  "dependencies": {
    "plotly.js-dist": {
      "version": "2.8.3",
      "resolved": "https://registry.npmjs.org/plotly.js-dist/-/plotly.js-dist-2.8.3.tgz",
      "integrity": "sha512-EOwL02V7qKQiKnSZW2Jnu5YulFaNzpUie8Q6NJmlrrRNsYPgK6+0xT247F+P0CbF3EuDM3guOFf4R7eYNP+xTA=="
    }
  }
}
